// !$*UTF8*$!
{
	archiveVersion = 1;
	classes = {
	};
	objectVersion = 50;
	objects = {

/* Begin PBXAggregateTarget section */
		2211A3F226BFC6FE002B8964 /* QRichTextView-Universal */ = {
			isa = PBXAggregateTarget;
			buildConfigurationList = 2211A3F326BFC6FE002B8964 /* Build configuration list for PBXAggregateTarget "QRichTextView-Universal" */;
			buildPhases = (
				2211A3F826BFC70B002B8964 /* ShellScript */,
			);
			dependencies = (
			);
			name = "QRichTextView-Universal";
			productName = "QRichTextView-Universal";
		};
/* End PBXAggregateTarget section */

/* Begin PBXBuildFile section */
		2211A32A26BFC3D6002B8964 /* QRichTextView.h in Headers */ = {isa = PBXBuildFile; fileRef = 2211A32826BFC3D6002B8964 /* QRichTextView.h */; settings = {ATTRIBUTES = (Public, ); }; };
		2211A39226BFC3F5002B8964 /* RichTextEditorFontPickerViewController.m in Sources */ = {isa = PBXBuildFile; fileRef = 2211A33226BFC3F5002B8964 /* RichTextEditorFontPickerViewController.m */; };
		2211A39326BFC3F5002B8964 /* RichTextEditorToolbar.m in Sources */ = {isa = PBXBuildFile; fileRef = 2211A33326BFC3F5002B8964 /* RichTextEditorToolbar.m */; };
		2211A39426BFC3F5002B8964 /* RichTextEditorFontSizePickerViewController.m in Sources */ = {isa = PBXBuildFile; fileRef = 2211A33426BFC3F5002B8964 /* RichTextEditorFontSizePickerViewController.m */; };
		2211A39526BFC3F5002B8964 /* RichTextEditorToggleButton.m in Sources */ = {isa = PBXBuildFile; fileRef = 2211A33526BFC3F5002B8964 /* RichTextEditorToggleButton.m */; };
		2211A39626BFC3F5002B8964 /* RichTextEditor.m in Sources */ = {isa = PBXBuildFile; fileRef = 2211A33626BFC3F5002B8964 /* RichTextEditor.m */; };
		2211A39726BFC3F5002B8964 /* RichTextEditorColorPickerViewController.m in Sources */ = {isa = PBXBuildFile; fileRef = 2211A33726BFC3F5002B8964 /* RichTextEditorColorPickerViewController.m */; };
		2211A39826BFC3F5002B8964 /* RichTextEditorPopover.h in Headers */ = {isa = PBXBuildFile; fileRef = 2211A33826BFC3F5002B8964 /* RichTextEditorPopover.h */; };
		2211A39926BFC3F5002B8964 /* RichTextEditorToolbar.h in Headers */ = {isa = PBXBuildFile; fileRef = 2211A33926BFC3F5002B8964 /* RichTextEditorToolbar.h */; settings = {ATTRIBUTES = (Public, ); }; };
		2211A39A26BFC3F5002B8964 /* RichTextEditorFontPickerViewController.h in Headers */ = {isa = PBXBuildFile; fileRef = 2211A33A26BFC3F5002B8964 /* RichTextEditorFontPickerViewController.h */; };
		2211A39B26BFC3F5002B8964 /* RichTextEditorFontSizePickerViewController.h in Headers */ = {isa = PBXBuildFile; fileRef = 2211A33B26BFC3F5002B8964 /* RichTextEditorFontSizePickerViewController.h */; };
		2211A39C26BFC3F5002B8964 /* RichTextEditorToggleButton.h in Headers */ = {isa = PBXBuildFile; fileRef = 2211A33C26BFC3F5002B8964 /* RichTextEditorToggleButton.h */; };
		2211A39D26BFC3F5002B8964 /* RichTextEditor.h in Headers */ = {isa = PBXBuildFile; fileRef = 2211A33D26BFC3F5002B8964 /* RichTextEditor.h */; };
		2211A3D426BFC3F5002B8964 /* RichTextEditorColorPickerViewController.h in Headers */ = {isa = PBXBuildFile; fileRef = 2211A37726BFC3F5002B8964 /* RichTextEditorColorPickerViewController.h */; };
		2211A44B26BFCA9B002B8964 /* RichTextEditor.m in Headers */ = {isa = PBXBuildFile; fileRef = 2211A33626BFC3F5002B8964 /* RichTextEditor.m */; settings = {ATTRIBUTES = (Public, ); }; };
		2211A48F26BFDF21002B8964 /* QRichTextViewTests.swift in Sources */ = {isa = PBXBuildFile; fileRef = 2211A48E26BFDF21002B8964 /* QRichTextViewTests.swift */; };
		2211A49126BFDF21002B8964 /* QRichTextView.framework in Frameworks */ = {isa = PBXBuildFile; fileRef = 2211A32526BFC3D6002B8964 /* QRichTextView.framework */; };
		2211A4BE26BFE7DE002B8964 /* UIFont+RichTextEditor.h in Headers */ = {isa = PBXBuildFile; fileRef = 2211A4AF26BFE7DD002B8964 /* UIFont+RichTextEditor.h */; };
		2211A4BF26BFE7DE002B8964 /* WEPopoverController.m in Sources */ = {isa = PBXBuildFile; fileRef = 2211A4B026BFE7DD002B8964 /* WEPopoverController.m */; };
		2211A4C026BFE7DE002B8964 /* WEPopoverContainerView.m in Sources */ = {isa = PBXBuildFile; fileRef = 2211A4B126BFE7DD002B8964 /* WEPopoverContainerView.m */; };
		2211A4C126BFE7DE002B8964 /* NSAttributedString+RichTextEditor.h in Headers */ = {isa = PBXBuildFile; fileRef = 2211A4B226BFE7DD002B8964 /* NSAttributedString+RichTextEditor.h */; };
		2211A4C226BFE7DE002B8964 /* UIBarButtonItem+WEPopover.h in Headers */ = {isa = PBXBuildFile; fileRef = 2211A4B326BFE7DE002B8964 /* UIBarButtonItem+WEPopover.h */; };
		2211A4C326BFE7DE002B8964 /* WETouchableView.m in Sources */ = {isa = PBXBuildFile; fileRef = 2211A4B426BFE7DE002B8964 /* WETouchableView.m */; };
		2211A4C426BFE7DE002B8964 /* WETouchableView.h in Headers */ = {isa = PBXBuildFile; fileRef = 2211A4B526BFE7DE002B8964 /* WETouchableView.h */; };
		2211A4C526BFE7DE002B8964 /* UIFont+RichTextEditor.m in Sources */ = {isa = PBXBuildFile; fileRef = 2211A4B626BFE7DE002B8964 /* UIFont+RichTextEditor.m */; };
		2211A4C626BFE7DE002B8964 /* WEPopoverController.h in Headers */ = {isa = PBXBuildFile; fileRef = 2211A4B726BFE7DE002B8964 /* WEPopoverController.h */; };
		2211A4C726BFE7DE002B8964 /* UIView+RichTextEditor.m in Sources */ = {isa = PBXBuildFile; fileRef = 2211A4B826BFE7DE002B8964 /* UIView+RichTextEditor.m */; };
		2211A4C826BFE7DE002B8964 /* WEPopoverParentView.h in Headers */ = {isa = PBXBuildFile; fileRef = 2211A4B926BFE7DE002B8964 /* WEPopoverParentView.h */; };
		2211A4C926BFE7DE002B8964 /* UIView+RichTextEditor.h in Headers */ = {isa = PBXBuildFile; fileRef = 2211A4BA26BFE7DE002B8964 /* UIView+RichTextEditor.h */; };
		2211A4CA26BFE7DE002B8964 /* NSAttributedString+RichTextEditor.m in Sources */ = {isa = PBXBuildFile; fileRef = 2211A4BB26BFE7DE002B8964 /* NSAttributedString+RichTextEditor.m */; };
		2211A4CB26BFE7DE002B8964 /* WEPopoverContainerView.h in Headers */ = {isa = PBXBuildFile; fileRef = 2211A4BC26BFE7DE002B8964 /* WEPopoverContainerView.h */; };
		2211A4CC26BFE7DE002B8964 /* UIBarButtonItem+WEPopover.m in Sources */ = {isa = PBXBuildFile; fileRef = 2211A4BD26BFE7DE002B8964 /* UIBarButtonItem+WEPopover.m */; };
		2211A51126BFE7E5002B8964 /* forecolor.png in Resources */ = {isa = PBXBuildFile; fileRef = 2211A4D126BFE7E5002B8964 /* forecolor.png */; };
		2211A51226BFE7E5002B8964 /* email.png in Resources */ = {isa = PBXBuildFile; fileRef = 2211A4D226BFE7E5002B8964 /* email.png */; };
		2211A51326BFE7E5002B8964 /* outdent.png in Resources */ = {isa = PBXBuildFile; fileRef = 2211A4D326BFE7E5002B8964 /* outdent.png */; };
		2211A51426BFE7E5002B8964 /* bold.png in Resources */ = {isa = PBXBuildFile; fileRef = 2211A4D426BFE7E5002B8964 /* bold.png */; };
		2211A51526BFE7E5002B8964 /* justifyfull.png in Resources */ = {isa = PBXBuildFile; fileRef = 2211A4D526BFE7E5002B8964 /* justifyfull.png */; };
		2211A51626BFE7E5002B8964 /* code.png in Resources */ = {isa = PBXBuildFile; fileRef = 2211A4D626BFE7E5002B8964 /* code.png */; };
		2211A51726BFE7E5002B8964 /* backcolor.png in Resources */ = {isa = PBXBuildFile; fileRef = 2211A4D726BFE7E5002B8964 /* backcolor.png */; };
		2211A51826BFE7E5002B8964 /* colors.jpg in Resources */ = {isa = PBXBuildFile; fileRef = 2211A4D826BFE7E5002B8964 /* colors.jpg */; };
		2211A51926BFE7E5002B8964 /* indent.png in Resources */ = {isa = PBXBuildFile; fileRef = 2211A4D926BFE7E5002B8964 /* indent.png */; };
		2211A51A26BFE7E5002B8964 /* popoverArrowUp.png in Resources */ = {isa = PBXBuildFile; fileRef = 2211A4DA26BFE7E5002B8964 /* popoverArrowUp.png */; };
		2211A51B26BFE7E5002B8964 /* indent@2x.png in Resources */ = {isa = PBXBuildFile; fileRef = 2211A4DB26BFE7E5002B8964 /* indent@2x.png */; };
		2211A52626BFE7E5002B8964 /* popoverArrowUpSimple.png in Resources */ = {isa = PBXBuildFile; fileRef = 2211A4E726BFE7E5002B8964 /* popoverArrowUpSimple.png */; };
		2211A52726BFE7E5002B8964 /* link.png in Resources */ = {isa = PBXBuildFile; fileRef = 2211A4E826BFE7E5002B8964 /* link.png */; };
		2211A52826BFE7E5002B8964 /* popoverBgSimple.png in Resources */ = {isa = PBXBuildFile; fileRef = 2211A4E926BFE7E5002B8964 /* popoverBgSimple.png */; };
		2211A52926BFE7E5002B8964 /* underline@2x.png in Resources */ = {isa = PBXBuildFile; fileRef = 2211A4EA26BFE7E5002B8964 /* underline@2x.png */; };
		2211A52A26BFE7E5002B8964 /* firstLineIndent@2x.png in Resources */ = {isa = PBXBuildFile; fileRef = 2211A4EB26BFE7E5002B8964 /* firstLineIndent@2x.png */; };
		2211A52B26BFE7E5002B8964 /* file.png in Resources */ = {isa = PBXBuildFile; fileRef = 2211A4EC26BFE7E5002B8964 /* file.png */; };
		2211A52C26BFE7E5002B8964 /* firstLineIndent.png in Resources */ = {isa = PBXBuildFile; fileRef = 2211A4ED26BFE7E5002B8964 /* firstLineIndent.png */; };
		2211A52D26BFE7E5002B8964 /* strikethrough.png in Resources */ = {isa = PBXBuildFile; fileRef = 2211A4EE26BFE7E5002B8964 /* strikethrough.png */; };
		2211A52E26BFE7E5002B8964 /* justifyleft@2x.png in Resources */ = {isa = PBXBuildFile; fileRef = 2211A4EF26BFE7E5002B8964 /* justifyleft@2x.png */; };
		2211A52F26BFE7E5002B8964 /* justifyleft.png in Resources */ = {isa = PBXBuildFile; fileRef = 2211A4F026BFE7E5002B8964 /* justifyleft.png */; };
		2211A53026BFE7E5002B8964 /* popoverArrowDown@2x.png in Resources */ = {isa = PBXBuildFile; fileRef = 2211A4F126BFE7E5002B8964 /* popoverArrowDown@2x.png */; };
		2211A53126BFE7E5002B8964 /* popoverArrowRight@2x.png in Resources */ = {isa = PBXBuildFile; fileRef = 2211A4F226BFE7E5002B8964 /* popoverArrowRight@2x.png */; };
		2211A53226BFE7E5002B8964 /* justifyright@2x.png in Resources */ = {isa = PBXBuildFile; fileRef = 2211A4F326BFE7E5002B8964 /* justifyright@2x.png */; };
		2211A53326BFE7E5002B8964 /* popoverArrowLeft.png in Resources */ = {isa = PBXBuildFile; fileRef = 2211A4F426BFE7E5002B8964 /* popoverArrowLeft.png */; };
		2211A53426BFE7E5002B8964 /* popoverArrowRightSimple.png in Resources */ = {isa = PBXBuildFile; fileRef = 2211A4F526BFE7E5002B8964 /* popoverArrowRightSimple.png */; };
		2211A53526BFE7E5002B8964 /* justifycenter.png in Resources */ = {isa = PBXBuildFile; fileRef = 2211A4F626BFE7E5002B8964 /* justifycenter.png */; };
		2211A53626BFE7E5002B8964 /* popoverArrowLeft@2x.png in Resources */ = {isa = PBXBuildFile; fileRef = 2211A4F726BFE7E5002B8964 /* popoverArrowLeft@2x.png */; };
		2211A53726BFE7E5002B8964 /* popoverArrowRight.png in Resources */ = {isa = PBXBuildFile; fileRef = 2211A4F826BFE7E5002B8964 /* popoverArrowRight.png */; };
		2211A53826BFE7E5002B8964 /* underline.png in Resources */ = {isa = PBXBuildFile; fileRef = 2211A4F926BFE7E5002B8964 /* underline.png */; };
		2211A53926BFE7E5002B8964 /* numlist@2x.png in Resources */ = {isa = PBXBuildFile; fileRef = 2211A4FA26BFE7E5002B8964 /* numlist@2x.png */; };
		2211A53A26BFE7E5002B8964 /* popoverBg.png in Resources */ = {isa = PBXBuildFile; fileRef = 2211A4FB26BFE7E5002B8964 /* popoverBg.png */; };
		2211A53B26BFE7E5002B8964 /* outdent@2x.png in Resources */ = {isa = PBXBuildFile; fileRef = 2211A4FC26BFE7E5002B8964 /* outdent@2x.png */; };
		2211A53C26BFE7E5002B8964 /* bullist@2x.png in Resources */ = {isa = PBXBuildFile; fileRef = 2211A4FD26BFE7E5002B8964 /* bullist@2x.png */; };
		2211A53D26BFE7E5002B8964 /* popoverArrowLeftSimple.png in Resources */ = {isa = PBXBuildFile; fileRef = 2211A4FE26BFE7E5002B8964 /* popoverArrowLeftSimple.png */; };
		2211A53E26BFE7E5002B8964 /* strikethrough@2x.png in Resources */ = {isa = PBXBuildFile; fileRef = 2211A4FF26BFE7E5002B8964 /* strikethrough@2x.png */; };
		2211A53F26BFE7E5002B8964 /* justifycenter@2x.png in Resources */ = {isa = PBXBuildFile; fileRef = 2211A50026BFE7E5002B8964 /* justifycenter@2x.png */; };
		2211A54026BFE7E5002B8964 /* justifyfull@2x.png in Resources */ = {isa = PBXBuildFile; fileRef = 2211A50126BFE7E5002B8964 /* justifyfull@2x.png */; };
		2211A54126BFE7E5002B8964 /* popoverArrowDownSimple.png in Resources */ = {isa = PBXBuildFile; fileRef = 2211A50226BFE7E5002B8964 /* popoverArrowDownSimple.png */; };
		2211A54226BFE7E5002B8964 /* italic.png in Resources */ = {isa = PBXBuildFile; fileRef = 2211A50326BFE7E5002B8964 /* italic.png */; };
		2211A54326BFE7E5002B8964 /* removeformat.png in Resources */ = {isa = PBXBuildFile; fileRef = 2211A50426BFE7E5002B8964 /* removeformat.png */; };
		2211A54426BFE7E5002B8964 /* undo.png in Resources */ = {isa = PBXBuildFile; fileRef = 2211A50526BFE7E5002B8964 /* undo.png */; };
		2211A54526BFE7E5002B8964 /* popoverArrowDown.png in Resources */ = {isa = PBXBuildFile; fileRef = 2211A50626BFE7E5002B8964 /* popoverArrowDown.png */; };
		2211A54626BFE7E5002B8964 /* numlist.png in Resources */ = {isa = PBXBuildFile; fileRef = 2211A50726BFE7E5002B8964 /* numlist.png */; };
		2211A54726BFE7E5002B8964 /* bold@2x.png in Resources */ = {isa = PBXBuildFile; fileRef = 2211A50826BFE7E5002B8964 /* bold@2x.png */; };
		2211A54826BFE7E5002B8964 /* italic@2x.png in Resources */ = {isa = PBXBuildFile; fileRef = 2211A50926BFE7E5002B8964 /* italic@2x.png */; };
		2211A54926BFE7E5002B8964 /* unlink.png in Resources */ = {isa = PBXBuildFile; fileRef = 2211A50A26BFE7E5002B8964 /* unlink.png */; };
		2211A54A26BFE7E5002B8964 /* popoverArrowUp@2x.png in Resources */ = {isa = PBXBuildFile; fileRef = 2211A50B26BFE7E5002B8964 /* popoverArrowUp@2x.png */; };
		2211A54B26BFE7E5002B8964 /* bullist.png in Resources */ = {isa = PBXBuildFile; fileRef = 2211A50C26BFE7E5002B8964 /* bullist.png */; };
		2211A54C26BFE7E5002B8964 /* redo.png in Resources */ = {isa = PBXBuildFile; fileRef = 2211A50D26BFE7E5002B8964 /* redo.png */; };
		2211A54D26BFE7E5002B8964 /* image.png in Resources */ = {isa = PBXBuildFile; fileRef = 2211A50E26BFE7E5002B8964 /* image.png */; };
		2211A54E26BFE7E5002B8964 /* popoverBg@2x.png in Resources */ = {isa = PBXBuildFile; fileRef = 2211A50F26BFE7E5002B8964 /* popoverBg@2x.png */; };
		2211A54F26BFE7E5002B8964 /* justifyright.png in Resources */ = {isa = PBXBuildFile; fileRef = 2211A51026BFE7E5002B8964 /* justifyright.png */; };
		2211A55D26BFE815002B8964 /* buttonSelected.png in Resources */ = {isa = PBXBuildFile; fileRef = 2211A55326BFE815002B8964 /* buttonSelected.png */; };
		2211A55E26BFE815002B8964 /* buttonleftSelected.png in Resources */ = {isa = PBXBuildFile; fileRef = 2211A55426BFE815002B8964 /* buttonleftSelected.png */; };
		2211A55F26BFE815002B8964 /* dropDownTriangle.png in Resources */ = {isa = PBXBuildFile; fileRef = 2211A55526BFE815002B8964 /* dropDownTriangle.png */; };
		2211A56026BFE815002B8964 /* dropDownTriangle@2x.png in Resources */ = {isa = PBXBuildFile; fileRef = 2211A55626BFE815002B8964 /* dropDownTriangle@2x.png */; };
		2211A56126BFE815002B8964 /* buttonright.png in Resources */ = {isa = PBXBuildFile; fileRef = 2211A55726BFE815002B8964 /* buttonright.png */; };
		2211A56226BFE815002B8964 /* buttoncenterSelected.png in Resources */ = {isa = PBXBuildFile; fileRef = 2211A55826BFE815002B8964 /* buttoncenterSelected.png */; };
		2211A56326BFE815002B8964 /* buttonrightSelected.png in Resources */ = {isa = PBXBuildFile; fileRef = 2211A55926BFE815002B8964 /* buttonrightSelected.png */; };
		2211A56426BFE815002B8964 /* button.png in Resources */ = {isa = PBXBuildFile; fileRef = 2211A55A26BFE815002B8964 /* button.png */; };
		2211A56526BFE815002B8964 /* buttonleft.png in Resources */ = {isa = PBXBuildFile; fileRef = 2211A55B26BFE815002B8964 /* buttonleft.png */; };
		2211A56626BFE815002B8964 /* buttoncenter.png in Resources */ = {isa = PBXBuildFile; fileRef = 2211A55C26BFE815002B8964 /* buttoncenter.png */; };
/* End PBXBuildFile section */

/* Begin PBXContainerItemProxy section */
		2211A49226BFDF21002B8964 /* PBXContainerItemProxy */ = {
			isa = PBXContainerItemProxy;
			containerPortal = 2211A31C26BFC3D6002B8964 /* Project object */;
			proxyType = 1;
			remoteGlobalIDString = 2211A32426BFC3D6002B8964;
			remoteInfo = QRichTextView;
		};
/* End PBXContainerItemProxy section */

/* Begin PBXFileReference section */
		2211A32526BFC3D6002B8964 /* QRichTextView.framework */ = {isa = PBXFileReference; explicitFileType = wrapper.framework; includeInIndex = 0; path = QRichTextView.framework; sourceTree = BUILT_PRODUCTS_DIR; };
		2211A32826BFC3D6002B8964 /* QRichTextView.h */ = {isa = PBXFileReference; lastKnownFileType = sourcecode.c.h; path = QRichTextView.h; sourceTree = "<group>"; };
		2211A32926BFC3D6002B8964 /* Info.plist */ = {isa = PBXFileReference; lastKnownFileType = text.plist.xml; path = Info.plist; sourceTree = "<group>"; };
		2211A33226BFC3F5002B8964 /* RichTextEditorFontPickerViewController.m */ = {isa = PBXFileReference; fileEncoding = 4; lastKnownFileType = sourcecode.c.objc; path = RichTextEditorFontPickerViewController.m; sourceTree = "<group>"; };
		2211A33326BFC3F5002B8964 /* RichTextEditorToolbar.m */ = {isa = PBXFileReference; fileEncoding = 4; lastKnownFileType = sourcecode.c.objc; path = RichTextEditorToolbar.m; sourceTree = "<group>"; };
		2211A33426BFC3F5002B8964 /* RichTextEditorFontSizePickerViewController.m */ = {isa = PBXFileReference; fileEncoding = 4; lastKnownFileType = sourcecode.c.objc; path = RichTextEditorFontSizePickerViewController.m; sourceTree = "<group>"; };
		2211A33526BFC3F5002B8964 /* RichTextEditorToggleButton.m */ = {isa = PBXFileReference; fileEncoding = 4; lastKnownFileType = sourcecode.c.objc; path = RichTextEditorToggleButton.m; sourceTree = "<group>"; };
		2211A33626BFC3F5002B8964 /* RichTextEditor.m */ = {isa = PBXFileReference; fileEncoding = 4; lastKnownFileType = sourcecode.c.objc; path = RichTextEditor.m; sourceTree = "<group>"; };
		2211A33726BFC3F5002B8964 /* RichTextEditorColorPickerViewController.m */ = {isa = PBXFileReference; fileEncoding = 4; lastKnownFileType = sourcecode.c.objc; path = RichTextEditorColorPickerViewController.m; sourceTree = "<group>"; };
		2211A33826BFC3F5002B8964 /* RichTextEditorPopover.h */ = {isa = PBXFileReference; fileEncoding = 4; lastKnownFileType = sourcecode.c.h; path = RichTextEditorPopover.h; sourceTree = "<group>"; };
		2211A33926BFC3F5002B8964 /* RichTextEditorToolbar.h */ = {isa = PBXFileReference; fileEncoding = 4; lastKnownFileType = sourcecode.c.h; path = RichTextEditorToolbar.h; sourceTree = "<group>"; };
		2211A33A26BFC3F5002B8964 /* RichTextEditorFontPickerViewController.h */ = {isa = PBXFileReference; fileEncoding = 4; lastKnownFileType = sourcecode.c.h; path = RichTextEditorFontPickerViewController.h; sourceTree = "<group>"; };
		2211A33B26BFC3F5002B8964 /* RichTextEditorFontSizePickerViewController.h */ = {isa = PBXFileReference; fileEncoding = 4; lastKnownFileType = sourcecode.c.h; path = RichTextEditorFontSizePickerViewController.h; sourceTree = "<group>"; };
		2211A33C26BFC3F5002B8964 /* RichTextEditorToggleButton.h */ = {isa = PBXFileReference; fileEncoding = 4; lastKnownFileType = sourcecode.c.h; path = RichTextEditorToggleButton.h; sourceTree = "<group>"; };
		2211A33D26BFC3F5002B8964 /* RichTextEditor.h */ = {isa = PBXFileReference; fileEncoding = 4; lastKnownFileType = sourcecode.c.h; path = RichTextEditor.h; sourceTree = "<group>"; };
		2211A37726BFC3F5002B8964 /* RichTextEditorColorPickerViewController.h */ = {isa = PBXFileReference; fileEncoding = 4; lastKnownFileType = sourcecode.c.h; path = RichTextEditorColorPickerViewController.h; sourceTree = "<group>"; };
		2211A48C26BFDF21002B8964 /* QRichTextViewTests.xctest */ = {isa = PBXFileReference; explicitFileType = wrapper.cfbundle; includeInIndex = 0; path = QRichTextViewTests.xctest; sourceTree = BUILT_PRODUCTS_DIR; };
		2211A48E26BFDF21002B8964 /* QRichTextViewTests.swift */ = {isa = PBXFileReference; lastKnownFileType = sourcecode.swift; path = QRichTextViewTests.swift; sourceTree = "<group>"; };
		2211A49026BFDF21002B8964 /* Info.plist */ = {isa = PBXFileReference; lastKnownFileType = text.plist.xml; path = Info.plist; sourceTree = "<group>"; };
		2211A4AF26BFE7DD002B8964 /* UIFont+RichTextEditor.h */ = {isa = PBXFileReference; fileEncoding = 4; lastKnownFileType = sourcecode.c.h; path = "UIFont+RichTextEditor.h"; sourceTree = "<group>"; };
		2211A4B026BFE7DD002B8964 /* WEPopoverController.m */ = {isa = PBXFileReference; fileEncoding = 4; lastKnownFileType = sourcecode.c.objc; path = WEPopoverController.m; sourceTree = "<group>"; };
		2211A4B126BFE7DD002B8964 /* WEPopoverContainerView.m */ = {isa = PBXFileReference; fileEncoding = 4; lastKnownFileType = sourcecode.c.objc; path = WEPopoverContainerView.m; sourceTree = "<group>"; };
		2211A4B226BFE7DD002B8964 /* NSAttributedString+RichTextEditor.h */ = {isa = PBXFileReference; fileEncoding = 4; lastKnownFileType = sourcecode.c.h; path = "NSAttributedString+RichTextEditor.h"; sourceTree = "<group>"; };
		2211A4B326BFE7DE002B8964 /* UIBarButtonItem+WEPopover.h */ = {isa = PBXFileReference; fileEncoding = 4; lastKnownFileType = sourcecode.c.h; path = "UIBarButtonItem+WEPopover.h"; sourceTree = "<group>"; };
		2211A4B426BFE7DE002B8964 /* WETouchableView.m */ = {isa = PBXFileReference; fileEncoding = 4; lastKnownFileType = sourcecode.c.objc; path = WETouchableView.m; sourceTree = "<group>"; };
		2211A4B526BFE7DE002B8964 /* WETouchableView.h */ = {isa = PBXFileReference; fileEncoding = 4; lastKnownFileType = sourcecode.c.h; path = WETouchableView.h; sourceTree = "<group>"; };
		2211A4B626BFE7DE002B8964 /* UIFont+RichTextEditor.m */ = {isa = PBXFileReference; fileEncoding = 4; lastKnownFileType = sourcecode.c.objc; path = "UIFont+RichTextEditor.m"; sourceTree = "<group>"; };
		2211A4B726BFE7DE002B8964 /* WEPopoverController.h */ = {isa = PBXFileReference; fileEncoding = 4; lastKnownFileType = sourcecode.c.h; path = WEPopoverController.h; sourceTree = "<group>"; };
		2211A4B826BFE7DE002B8964 /* UIView+RichTextEditor.m */ = {isa = PBXFileReference; fileEncoding = 4; lastKnownFileType = sourcecode.c.objc; path = "UIView+RichTextEditor.m"; sourceTree = "<group>"; };
		2211A4B926BFE7DE002B8964 /* WEPopoverParentView.h */ = {isa = PBXFileReference; fileEncoding = 4; lastKnownFileType = sourcecode.c.h; path = WEPopoverParentView.h; sourceTree = "<group>"; };
		2211A4BA26BFE7DE002B8964 /* UIView+RichTextEditor.h */ = {isa = PBXFileReference; fileEncoding = 4; lastKnownFileType = sourcecode.c.h; path = "UIView+RichTextEditor.h"; sourceTree = "<group>"; };
		2211A4BB26BFE7DE002B8964 /* NSAttributedString+RichTextEditor.m */ = {isa = PBXFileReference; fileEncoding = 4; lastKnownFileType = sourcecode.c.objc; path = "NSAttributedString+RichTextEditor.m"; sourceTree = "<group>"; };
		2211A4BC26BFE7DE002B8964 /* WEPopoverContainerView.h */ = {isa = PBXFileReference; fileEncoding = 4; lastKnownFileType = sourcecode.c.h; path = WEPopoverContainerView.h; sourceTree = "<group>"; };
		2211A4BD26BFE7DE002B8964 /* UIBarButtonItem+WEPopover.m */ = {isa = PBXFileReference; fileEncoding = 4; lastKnownFileType = sourcecode.c.objc; path = "UIBarButtonItem+WEPopover.m"; sourceTree = "<group>"; };
		2211A4D126BFE7E5002B8964 /* forecolor.png */ = {isa = PBXFileReference; lastKnownFileType = image.png; path = forecolor.png; sourceTree = "<group>"; };
		2211A4D226BFE7E5002B8964 /* email.png */ = {isa = PBXFileReference; lastKnownFileType = image.png; path = email.png; sourceTree = "<group>"; };
		2211A4D326BFE7E5002B8964 /* outdent.png */ = {isa = PBXFileReference; lastKnownFileType = image.png; path = outdent.png; sourceTree = "<group>"; };
		2211A4D426BFE7E5002B8964 /* bold.png */ = {isa = PBXFileReference; lastKnownFileType = image.png; path = bold.png; sourceTree = "<group>"; };
		2211A4D526BFE7E5002B8964 /* justifyfull.png */ = {isa = PBXFileReference; lastKnownFileType = image.png; path = justifyfull.png; sourceTree = "<group>"; };
		2211A4D626BFE7E5002B8964 /* code.png */ = {isa = PBXFileReference; lastKnownFileType = image.png; path = code.png; sourceTree = "<group>"; };
		2211A4D726BFE7E5002B8964 /* backcolor.png */ = {isa = PBXFileReference; lastKnownFileType = image.png; path = backcolor.png; sourceTree = "<group>"; };
		2211A4D826BFE7E5002B8964 /* colors.jpg */ = {isa = PBXFileReference; lastKnownFileType = image.jpeg; path = colors.jpg; sourceTree = "<group>"; };
		2211A4D926BFE7E5002B8964 /* indent.png */ = {isa = PBXFileReference; lastKnownFileType = image.png; path = indent.png; sourceTree = "<group>"; };
		2211A4DA26BFE7E5002B8964 /* popoverArrowUp.png */ = {isa = PBXFileReference; lastKnownFileType = image.png; path = popoverArrowUp.png; sourceTree = "<group>"; };
		2211A4DB26BFE7E5002B8964 /* indent@2x.png */ = {isa = PBXFileReference; lastKnownFileType = image.png; path = "indent@2x.png"; sourceTree = "<group>"; };
		2211A4E726BFE7E5002B8964 /* popoverArrowUpSimple.png */ = {isa = PBXFileReference; lastKnownFileType = image.png; path = popoverArrowUpSimple.png; sourceTree = "<group>"; };
		2211A4E826BFE7E5002B8964 /* link.png */ = {isa = PBXFileReference; lastKnownFileType = image.png; path = link.png; sourceTree = "<group>"; };
		2211A4E926BFE7E5002B8964 /* popoverBgSimple.png */ = {isa = PBXFileReference; lastKnownFileType = image.png; path = popoverBgSimple.png; sourceTree = "<group>"; };
		2211A4EA26BFE7E5002B8964 /* underline@2x.png */ = {isa = PBXFileReference; lastKnownFileType = image.png; path = "underline@2x.png"; sourceTree = "<group>"; };
		2211A4EB26BFE7E5002B8964 /* firstLineIndent@2x.png */ = {isa = PBXFileReference; lastKnownFileType = image.png; path = "firstLineIndent@2x.png"; sourceTree = "<group>"; };
		2211A4EC26BFE7E5002B8964 /* file.png */ = {isa = PBXFileReference; lastKnownFileType = image.png; path = file.png; sourceTree = "<group>"; };
		2211A4ED26BFE7E5002B8964 /* firstLineIndent.png */ = {isa = PBXFileReference; lastKnownFileType = image.png; path = firstLineIndent.png; sourceTree = "<group>"; };
		2211A4EE26BFE7E5002B8964 /* strikethrough.png */ = {isa = PBXFileReference; lastKnownFileType = image.png; path = strikethrough.png; sourceTree = "<group>"; };
		2211A4EF26BFE7E5002B8964 /* justifyleft@2x.png */ = {isa = PBXFileReference; lastKnownFileType = image.png; path = "justifyleft@2x.png"; sourceTree = "<group>"; };
		2211A4F026BFE7E5002B8964 /* justifyleft.png */ = {isa = PBXFileReference; lastKnownFileType = image.png; path = justifyleft.png; sourceTree = "<group>"; };
		2211A4F126BFE7E5002B8964 /* popoverArrowDown@2x.png */ = {isa = PBXFileReference; lastKnownFileType = image.png; path = "popoverArrowDown@2x.png"; sourceTree = "<group>"; };
		2211A4F226BFE7E5002B8964 /* popoverArrowRight@2x.png */ = {isa = PBXFileReference; lastKnownFileType = image.png; path = "popoverArrowRight@2x.png"; sourceTree = "<group>"; };
		2211A4F326BFE7E5002B8964 /* justifyright@2x.png */ = {isa = PBXFileReference; lastKnownFileType = image.png; path = "justifyright@2x.png"; sourceTree = "<group>"; };
		2211A4F426BFE7E5002B8964 /* popoverArrowLeft.png */ = {isa = PBXFileReference; lastKnownFileType = image.png; path = popoverArrowLeft.png; sourceTree = "<group>"; };
		2211A4F526BFE7E5002B8964 /* popoverArrowRightSimple.png */ = {isa = PBXFileReference; lastKnownFileType = image.png; path = popoverArrowRightSimple.png; sourceTree = "<group>"; };
		2211A4F626BFE7E5002B8964 /* justifycenter.png */ = {isa = PBXFileReference; lastKnownFileType = image.png; path = justifycenter.png; sourceTree = "<group>"; };
		2211A4F726BFE7E5002B8964 /* popoverArrowLeft@2x.png */ = {isa = PBXFileReference; lastKnownFileType = image.png; path = "popoverArrowLeft@2x.png"; sourceTree = "<group>"; };
		2211A4F826BFE7E5002B8964 /* popoverArrowRight.png */ = {isa = PBXFileReference; lastKnownFileType = image.png; path = popoverArrowRight.png; sourceTree = "<group>"; };
		2211A4F926BFE7E5002B8964 /* underline.png */ = {isa = PBXFileReference; lastKnownFileType = image.png; path = underline.png; sourceTree = "<group>"; };
		2211A4FA26BFE7E5002B8964 /* numlist@2x.png */ = {isa = PBXFileReference; lastKnownFileType = image.png; path = "numlist@2x.png"; sourceTree = "<group>"; };
		2211A4FB26BFE7E5002B8964 /* popoverBg.png */ = {isa = PBXFileReference; lastKnownFileType = image.png; path = popoverBg.png; sourceTree = "<group>"; };
		2211A4FC26BFE7E5002B8964 /* outdent@2x.png */ = {isa = PBXFileReference; lastKnownFileType = image.png; path = "outdent@2x.png"; sourceTree = "<group>"; };
		2211A4FD26BFE7E5002B8964 /* bullist@2x.png */ = {isa = PBXFileReference; lastKnownFileType = image.png; path = "bullist@2x.png"; sourceTree = "<group>"; };
		2211A4FE26BFE7E5002B8964 /* popoverArrowLeftSimple.png */ = {isa = PBXFileReference; lastKnownFileType = image.png; path = popoverArrowLeftSimple.png; sourceTree = "<group>"; };
		2211A4FF26BFE7E5002B8964 /* strikethrough@2x.png */ = {isa = PBXFileReference; lastKnownFileType = image.png; path = "strikethrough@2x.png"; sourceTree = "<group>"; };
		2211A50026BFE7E5002B8964 /* justifycenter@2x.png */ = {isa = PBXFileReference; lastKnownFileType = image.png; path = "justifycenter@2x.png"; sourceTree = "<group>"; };
		2211A50126BFE7E5002B8964 /* justifyfull@2x.png */ = {isa = PBXFileReference; lastKnownFileType = image.png; path = "justifyfull@2x.png"; sourceTree = "<group>"; };
		2211A50226BFE7E5002B8964 /* popoverArrowDownSimple.png */ = {isa = PBXFileReference; lastKnownFileType = image.png; path = popoverArrowDownSimple.png; sourceTree = "<group>"; };
		2211A50326BFE7E5002B8964 /* italic.png */ = {isa = PBXFileReference; lastKnownFileType = image.png; path = italic.png; sourceTree = "<group>"; };
		2211A50426BFE7E5002B8964 /* removeformat.png */ = {isa = PBXFileReference; lastKnownFileType = image.png; path = removeformat.png; sourceTree = "<group>"; };
		2211A50526BFE7E5002B8964 /* undo.png */ = {isa = PBXFileReference; lastKnownFileType = image.png; path = undo.png; sourceTree = "<group>"; };
		2211A50626BFE7E5002B8964 /* popoverArrowDown.png */ = {isa = PBXFileReference; lastKnownFileType = image.png; path = popoverArrowDown.png; sourceTree = "<group>"; };
		2211A50726BFE7E5002B8964 /* numlist.png */ = {isa = PBXFileReference; lastKnownFileType = image.png; path = numlist.png; sourceTree = "<group>"; };
		2211A50826BFE7E5002B8964 /* bold@2x.png */ = {isa = PBXFileReference; lastKnownFileType = image.png; path = "bold@2x.png"; sourceTree = "<group>"; };
		2211A50926BFE7E5002B8964 /* italic@2x.png */ = {isa = PBXFileReference; lastKnownFileType = image.png; path = "italic@2x.png"; sourceTree = "<group>"; };
		2211A50A26BFE7E5002B8964 /* unlink.png */ = {isa = PBXFileReference; lastKnownFileType = image.png; path = unlink.png; sourceTree = "<group>"; };
		2211A50B26BFE7E5002B8964 /* popoverArrowUp@2x.png */ = {isa = PBXFileReference; lastKnownFileType = image.png; path = "popoverArrowUp@2x.png"; sourceTree = "<group>"; };
		2211A50C26BFE7E5002B8964 /* bullist.png */ = {isa = PBXFileReference; lastKnownFileType = image.png; path = bullist.png; sourceTree = "<group>"; };
		2211A50D26BFE7E5002B8964 /* redo.png */ = {isa = PBXFileReference; lastKnownFileType = image.png; path = redo.png; sourceTree = "<group>"; };
		2211A50E26BFE7E5002B8964 /* image.png */ = {isa = PBXFileReference; lastKnownFileType = image.png; path = image.png; sourceTree = "<group>"; };
		2211A50F26BFE7E5002B8964 /* popoverBg@2x.png */ = {isa = PBXFileReference; lastKnownFileType = image.png; path = "popoverBg@2x.png"; sourceTree = "<group>"; };
		2211A51026BFE7E5002B8964 /* justifyright.png */ = {isa = PBXFileReference; lastKnownFileType = image.png; path = justifyright.png; sourceTree = "<group>"; };
		2211A55326BFE815002B8964 /* buttonSelected.png */ = {isa = PBXFileReference; lastKnownFileType = image.png; path = buttonSelected.png; sourceTree = "<group>"; };
		2211A55426BFE815002B8964 /* buttonleftSelected.png */ = {isa = PBXFileReference; lastKnownFileType = image.png; path = buttonleftSelected.png; sourceTree = "<group>"; };
		2211A55526BFE815002B8964 /* dropDownTriangle.png */ = {isa = PBXFileReference; lastKnownFileType = image.png; path = dropDownTriangle.png; sourceTree = "<group>"; };
		2211A55626BFE815002B8964 /* dropDownTriangle@2x.png */ = {isa = PBXFileReference; lastKnownFileType = image.png; path = "dropDownTriangle@2x.png"; sourceTree = "<group>"; };
		2211A55726BFE815002B8964 /* buttonright.png */ = {isa = PBXFileReference; lastKnownFileType = image.png; path = buttonright.png; sourceTree = "<group>"; };
		2211A55826BFE815002B8964 /* buttoncenterSelected.png */ = {isa = PBXFileReference; lastKnownFileType = image.png; path = buttoncenterSelected.png; sourceTree = "<group>"; };
		2211A55926BFE815002B8964 /* buttonrightSelected.png */ = {isa = PBXFileReference; lastKnownFileType = image.png; path = buttonrightSelected.png; sourceTree = "<group>"; };
		2211A55A26BFE815002B8964 /* button.png */ = {isa = PBXFileReference; lastKnownFileType = image.png; path = button.png; sourceTree = "<group>"; };
		2211A55B26BFE815002B8964 /* buttonleft.png */ = {isa = PBXFileReference; lastKnownFileType = image.png; path = buttonleft.png; sourceTree = "<group>"; };
		2211A55C26BFE815002B8964 /* buttoncenter.png */ = {isa = PBXFileReference; lastKnownFileType = image.png; path = buttoncenter.png; sourceTree = "<group>"; };
/* End PBXFileReference section */

/* Begin PBXFrameworksBuildPhase section */
		2211A32226BFC3D6002B8964 /* Frameworks */ = {
			isa = PBXFrameworksBuildPhase;
			buildActionMask = 2147483647;
			files = (
			);
			runOnlyForDeploymentPostprocessing = 0;
		};
		2211A48926BFDF21002B8964 /* Frameworks */ = {
			isa = PBXFrameworksBuildPhase;
			buildActionMask = 2147483647;
			files = (
				2211A49126BFDF21002B8964 /* QRichTextView.framework in Frameworks */,
			);
			runOnlyForDeploymentPostprocessing = 0;
		};
/* End PBXFrameworksBuildPhase section */

/* Begin PBXGroup section */
		2211A31B26BFC3D6002B8964 = {
			isa = PBXGroup;
			children = (
				2211A32726BFC3D6002B8964 /* QRichTextView */,
				2211A48D26BFDF21002B8964 /* QRichTextViewTests */,
				2211A32626BFC3D6002B8964 /* Products */,
			);
			sourceTree = "<group>";
		};
		2211A32626BFC3D6002B8964 /* Products */ = {
			isa = PBXGroup;
			children = (
				2211A32526BFC3D6002B8964 /* QRichTextView.framework */,
				2211A48C26BFDF21002B8964 /* QRichTextViewTests.xctest */,
			);
			name = Products;
			sourceTree = "<group>";
		};
		2211A32726BFC3D6002B8964 /* QRichTextView */ = {
			isa = PBXGroup;
			children = (
				2211A4D026BFE7E5002B8964 /* Assets */,
				2211A33126BFC3F5002B8964 /* Classes */,
				2211A32826BFC3D6002B8964 /* QRichTextView.h */,
				2211A32926BFC3D6002B8964 /* Info.plist */,
			);
			path = QRichTextView;
			sourceTree = "<group>";
		};
		2211A33126BFC3F5002B8964 /* Classes */ = {
			isa = PBXGroup;
			children = (
				2211A4B226BFE7DD002B8964 /* NSAttributedString+RichTextEditor.h */,
				2211A4BB26BFE7DE002B8964 /* NSAttributedString+RichTextEditor.m */,
				2211A4B326BFE7DE002B8964 /* UIBarButtonItem+WEPopover.h */,
				2211A4BD26BFE7DE002B8964 /* UIBarButtonItem+WEPopover.m */,
				2211A4AF26BFE7DD002B8964 /* UIFont+RichTextEditor.h */,
				2211A4B626BFE7DE002B8964 /* UIFont+RichTextEditor.m */,
				2211A4BA26BFE7DE002B8964 /* UIView+RichTextEditor.h */,
				2211A4B826BFE7DE002B8964 /* UIView+RichTextEditor.m */,
				2211A4BC26BFE7DE002B8964 /* WEPopoverContainerView.h */,
				2211A4B126BFE7DD002B8964 /* WEPopoverContainerView.m */,
				2211A4B726BFE7DE002B8964 /* WEPopoverController.h */,
				2211A4B026BFE7DD002B8964 /* WEPopoverController.m */,
				2211A4B926BFE7DE002B8964 /* WEPopoverParentView.h */,
				2211A4B526BFE7DE002B8964 /* WETouchableView.h */,
				2211A4B426BFE7DE002B8964 /* WETouchableView.m */,
				2211A33226BFC3F5002B8964 /* RichTextEditorFontPickerViewController.m */,
				2211A33326BFC3F5002B8964 /* RichTextEditorToolbar.m */,
				2211A33426BFC3F5002B8964 /* RichTextEditorFontSizePickerViewController.m */,
				2211A33526BFC3F5002B8964 /* RichTextEditorToggleButton.m */,
				2211A33626BFC3F5002B8964 /* RichTextEditor.m */,
				2211A33726BFC3F5002B8964 /* RichTextEditorColorPickerViewController.m */,
				2211A33826BFC3F5002B8964 /* RichTextEditorPopover.h */,
				2211A33926BFC3F5002B8964 /* RichTextEditorToolbar.h */,
				2211A33A26BFC3F5002B8964 /* RichTextEditorFontPickerViewController.h */,
				2211A33B26BFC3F5002B8964 /* RichTextEditorFontSizePickerViewController.h */,
				2211A33C26BFC3F5002B8964 /* RichTextEditorToggleButton.h */,
				2211A33D26BFC3F5002B8964 /* RichTextEditor.h */,
				2211A37726BFC3F5002B8964 /* RichTextEditorColorPickerViewController.h */,
			);
			path = Classes;
			sourceTree = "<group>";
		};
		2211A48D26BFDF21002B8964 /* QRichTextViewTests */ = {
			isa = PBXGroup;
			children = (
				2211A48E26BFDF21002B8964 /* QRichTextViewTests.swift */,
				2211A49026BFDF21002B8964 /* Info.plist */,
			);
			path = QRichTextViewTests;
			sourceTree = "<group>";
		};
		2211A4D026BFE7E5002B8964 /* Assets */ = {
			isa = PBXGroup;
			children = (
				2211A55A26BFE815002B8964 /* button.png */,
				2211A55C26BFE815002B8964 /* buttoncenter.png */,
				2211A55826BFE815002B8964 /* buttoncenterSelected.png */,
				2211A55B26BFE815002B8964 /* buttonleft.png */,
				2211A55426BFE815002B8964 /* buttonleftSelected.png */,
				2211A55726BFE815002B8964 /* buttonright.png */,
				2211A55926BFE815002B8964 /* buttonrightSelected.png */,
				2211A55326BFE815002B8964 /* buttonSelected.png */,
				2211A55526BFE815002B8964 /* dropDownTriangle.png */,
				2211A55626BFE815002B8964 /* dropDownTriangle@2x.png */,
				2211A4D126BFE7E5002B8964 /* forecolor.png */,
				2211A4D226BFE7E5002B8964 /* email.png */,
				2211A4D326BFE7E5002B8964 /* outdent.png */,
				2211A4D426BFE7E5002B8964 /* bold.png */,
				2211A4D526BFE7E5002B8964 /* justifyfull.png */,
				2211A4D626BFE7E5002B8964 /* code.png */,
				2211A4D726BFE7E5002B8964 /* backcolor.png */,
				2211A4D826BFE7E5002B8964 /* colors.jpg */,
				2211A4D926BFE7E5002B8964 /* indent.png */,
				2211A4DA26BFE7E5002B8964 /* popoverArrowUp.png */,
				2211A4DB26BFE7E5002B8964 /* indent@2x.png */,
				2211A4E726BFE7E5002B8964 /* popoverArrowUpSimple.png */,
				2211A4E826BFE7E5002B8964 /* link.png */,
				2211A4E926BFE7E5002B8964 /* popoverBgSimple.png */,
				2211A4EA26BFE7E5002B8964 /* underline@2x.png */,
				2211A4EB26BFE7E5002B8964 /* firstLineIndent@2x.png */,
				2211A4EC26BFE7E5002B8964 /* file.png */,
				2211A4ED26BFE7E5002B8964 /* firstLineIndent.png */,
				2211A4EE26BFE7E5002B8964 /* strikethrough.png */,
				2211A4EF26BFE7E5002B8964 /* justifyleft@2x.png */,
				2211A4F026BFE7E5002B8964 /* justifyleft.png */,
				2211A4F126BFE7E5002B8964 /* popoverArrowDown@2x.png */,
				2211A4F226BFE7E5002B8964 /* popoverArrowRight@2x.png */,
				2211A4F326BFE7E5002B8964 /* justifyright@2x.png */,
				2211A4F426BFE7E5002B8964 /* popoverArrowLeft.png */,
				2211A4F526BFE7E5002B8964 /* popoverArrowRightSimple.png */,
				2211A4F626BFE7E5002B8964 /* justifycenter.png */,
				2211A4F726BFE7E5002B8964 /* popoverArrowLeft@2x.png */,
				2211A4F826BFE7E5002B8964 /* popoverArrowRight.png */,
				2211A4F926BFE7E5002B8964 /* underline.png */,
				2211A4FA26BFE7E5002B8964 /* numlist@2x.png */,
				2211A4FB26BFE7E5002B8964 /* popoverBg.png */,
				2211A4FC26BFE7E5002B8964 /* outdent@2x.png */,
				2211A4FD26BFE7E5002B8964 /* bullist@2x.png */,
				2211A4FE26BFE7E5002B8964 /* popoverArrowLeftSimple.png */,
				2211A4FF26BFE7E5002B8964 /* strikethrough@2x.png */,
				2211A50026BFE7E5002B8964 /* justifycenter@2x.png */,
				2211A50126BFE7E5002B8964 /* justifyfull@2x.png */,
				2211A50226BFE7E5002B8964 /* popoverArrowDownSimple.png */,
				2211A50326BFE7E5002B8964 /* italic.png */,
				2211A50426BFE7E5002B8964 /* removeformat.png */,
				2211A50526BFE7E5002B8964 /* undo.png */,
				2211A50626BFE7E5002B8964 /* popoverArrowDown.png */,
				2211A50726BFE7E5002B8964 /* numlist.png */,
				2211A50826BFE7E5002B8964 /* bold@2x.png */,
				2211A50926BFE7E5002B8964 /* italic@2x.png */,
				2211A50A26BFE7E5002B8964 /* unlink.png */,
				2211A50B26BFE7E5002B8964 /* popoverArrowUp@2x.png */,
				2211A50C26BFE7E5002B8964 /* bullist.png */,
				2211A50D26BFE7E5002B8964 /* redo.png */,
				2211A50E26BFE7E5002B8964 /* image.png */,
				2211A50F26BFE7E5002B8964 /* popoverBg@2x.png */,
				2211A51026BFE7E5002B8964 /* justifyright.png */,
			);
			path = Assets;
			sourceTree = "<group>";
		};
/* End PBXGroup section */

/* Begin PBXHeadersBuildPhase section */
		2211A32026BFC3D6002B8964 /* Headers */ = {
			isa = PBXHeadersBuildPhase;
			buildActionMask = 2147483647;
			files = (
				2211A39926BFC3F5002B8964 /* RichTextEditorToolbar.h in Headers */,
				2211A4C426BFE7DE002B8964 /* WETouchableView.h in Headers */,
				2211A44B26BFCA9B002B8964 /* RichTextEditor.m in Headers */,
				2211A4C926BFE7DE002B8964 /* UIView+RichTextEditor.h in Headers */,
				2211A4CB26BFE7DE002B8964 /* WEPopoverContainerView.h in Headers */,
				2211A3D426BFC3F5002B8964 /* RichTextEditorColorPickerViewController.h in Headers */,
				2211A39A26BFC3F5002B8964 /* RichTextEditorFontPickerViewController.h in Headers */,
				2211A4C126BFE7DE002B8964 /* NSAttributedString+RichTextEditor.h in Headers */,
				2211A4C226BFE7DE002B8964 /* UIBarButtonItem+WEPopover.h in Headers */,
				2211A39826BFC3F5002B8964 /* RichTextEditorPopover.h in Headers */,
				2211A4C626BFE7DE002B8964 /* WEPopoverController.h in Headers */,
				2211A4BE26BFE7DE002B8964 /* UIFont+RichTextEditor.h in Headers */,
				2211A39D26BFC3F5002B8964 /* RichTextEditor.h in Headers */,
				2211A39C26BFC3F5002B8964 /* RichTextEditorToggleButton.h in Headers */,
				2211A32A26BFC3D6002B8964 /* QRichTextView.h in Headers */,
				2211A39B26BFC3F5002B8964 /* RichTextEditorFontSizePickerViewController.h in Headers */,
				2211A4C826BFE7DE002B8964 /* WEPopoverParentView.h in Headers */,
			);
			runOnlyForDeploymentPostprocessing = 0;
		};
/* End PBXHeadersBuildPhase section */

/* Begin PBXNativeTarget section */
		2211A32426BFC3D6002B8964 /* QRichTextView */ = {
			isa = PBXNativeTarget;
			buildConfigurationList = 2211A32D26BFC3D6002B8964 /* Build configuration list for PBXNativeTarget "QRichTextView" */;
			buildPhases = (
				2211A32026BFC3D6002B8964 /* Headers */,
				2211A32126BFC3D6002B8964 /* Sources */,
				2211A32226BFC3D6002B8964 /* Frameworks */,
				2211A32326BFC3D6002B8964 /* Resources */,
			);
			buildRules = (
			);
			dependencies = (
			);
			name = QRichTextView;
			productName = QRichTextView;
			productReference = 2211A32526BFC3D6002B8964 /* QRichTextView.framework */;
			productType = "com.apple.product-type.framework";
		};
		2211A48B26BFDF21002B8964 /* QRichTextViewTests */ = {
			isa = PBXNativeTarget;
			buildConfigurationList = 2211A49626BFDF21002B8964 /* Build configuration list for PBXNativeTarget "QRichTextViewTests" */;
			buildPhases = (
				2211A48826BFDF21002B8964 /* Sources */,
				2211A48926BFDF21002B8964 /* Frameworks */,
				2211A48A26BFDF21002B8964 /* Resources */,
			);
			buildRules = (
			);
			dependencies = (
				2211A49326BFDF21002B8964 /* PBXTargetDependency */,
			);
			name = QRichTextViewTests;
			productName = QRichTextViewTests;
			productReference = 2211A48C26BFDF21002B8964 /* QRichTextViewTests.xctest */;
			productType = "com.apple.product-type.bundle.unit-test";
		};
/* End PBXNativeTarget section */

/* Begin PBXProject section */
		2211A31C26BFC3D6002B8964 /* Project object */ = {
			isa = PBXProject;
			attributes = {
				LastSwiftUpdateCheck = 1220;
				LastUpgradeCheck = 1220;
				TargetAttributes = {
					2211A32426BFC3D6002B8964 = {
						CreatedOnToolsVersion = 12.2;
					};
					2211A3F226BFC6FE002B8964 = {
						CreatedOnToolsVersion = 12.2;
					};
					2211A48B26BFDF21002B8964 = {
						CreatedOnToolsVersion = 12.2;
					};
				};
			};
			buildConfigurationList = 2211A31F26BFC3D6002B8964 /* Build configuration list for PBXProject "QRichTextView" */;
			compatibilityVersion = "Xcode 9.3";
			developmentRegion = en;
			hasScannedForEncodings = 0;
			knownRegions = (
				en,
				Base,
			);
			mainGroup = 2211A31B26BFC3D6002B8964;
			productRefGroup = 2211A32626BFC3D6002B8964 /* Products */;
			projectDirPath = "";
			projectRoot = "";
			targets = (
				2211A32426BFC3D6002B8964 /* QRichTextView */,
				2211A3F226BFC6FE002B8964 /* QRichTextView-Universal */,
				2211A48B26BFDF21002B8964 /* QRichTextViewTests */,
			);
		};
/* End PBXProject section */

/* Begin PBXResourcesBuildPhase section */
		2211A32326BFC3D6002B8964 /* Resources */ = {
			isa = PBXResourcesBuildPhase;
			buildActionMask = 2147483647;
			files = (
				2211A53B26BFE7E5002B8964 /* outdent@2x.png in Resources */,
				2211A52F26BFE7E5002B8964 /* justifyleft.png in Resources */,
				2211A56226BFE815002B8964 /* buttoncenterSelected.png in Resources */,
				2211A52E26BFE7E5002B8964 /* justifyleft@2x.png in Resources */,
				2211A54326BFE7E5002B8964 /* removeformat.png in Resources */,
				2211A54626BFE7E5002B8964 /* numlist.png in Resources */,
				2211A56626BFE815002B8964 /* buttoncenter.png in Resources */,
				2211A53726BFE7E5002B8964 /* popoverArrowRight.png in Resources */,
				2211A53026BFE7E5002B8964 /* popoverArrowDown@2x.png in Resources */,
				2211A53826BFE7E5002B8964 /* underline.png in Resources */,
				2211A54F26BFE7E5002B8964 /* justifyright.png in Resources */,
				2211A53526BFE7E5002B8964 /* justifycenter.png in Resources */,
				2211A52B26BFE7E5002B8964 /* file.png in Resources */,
				2211A54926BFE7E5002B8964 /* unlink.png in Resources */,
				2211A56326BFE815002B8964 /* buttonrightSelected.png in Resources */,
				2211A51426BFE7E5002B8964 /* bold.png in Resources */,
				2211A52C26BFE7E5002B8964 /* firstLineIndent.png in Resources */,
				2211A52A26BFE7E5002B8964 /* firstLineIndent@2x.png in Resources */,
				2211A52926BFE7E5002B8964 /* underline@2x.png in Resources */,
				2211A53326BFE7E5002B8964 /* popoverArrowLeft.png in Resources */,
				2211A54026BFE7E5002B8964 /* justifyfull@2x.png in Resources */,
				2211A54226BFE7E5002B8964 /* italic.png in Resources */,
				2211A51926BFE7E5002B8964 /* indent.png in Resources */,
				2211A56526BFE815002B8964 /* buttonleft.png in Resources */,
				2211A51A26BFE7E5002B8964 /* popoverArrowUp.png in Resources */,
				2211A54E26BFE7E5002B8964 /* popoverBg@2x.png in Resources */,
				2211A51526BFE7E5002B8964 /* justifyfull.png in Resources */,
				2211A53126BFE7E5002B8964 /* popoverArrowRight@2x.png in Resources */,
				2211A56426BFE815002B8964 /* button.png in Resources */,
				2211A55E26BFE815002B8964 /* buttonleftSelected.png in Resources */,
				2211A53F26BFE7E5002B8964 /* justifycenter@2x.png in Resources */,
				2211A54D26BFE7E5002B8964 /* image.png in Resources */,
				2211A53426BFE7E5002B8964 /* popoverArrowRightSimple.png in Resources */,
				2211A51626BFE7E5002B8964 /* code.png in Resources */,
				2211A53226BFE7E5002B8964 /* justifyright@2x.png in Resources */,
				2211A51826BFE7E5002B8964 /* colors.jpg in Resources */,
				2211A53E26BFE7E5002B8964 /* strikethrough@2x.png in Resources */,
				2211A54426BFE7E5002B8964 /* undo.png in Resources */,
				2211A53626BFE7E5002B8964 /* popoverArrowLeft@2x.png in Resources */,
				2211A55F26BFE815002B8964 /* dropDownTriangle.png in Resources */,
				2211A53D26BFE7E5002B8964 /* popoverArrowLeftSimple.png in Resources */,
				2211A51B26BFE7E5002B8964 /* indent@2x.png in Resources */,
				2211A54C26BFE7E5002B8964 /* redo.png in Resources */,
				2211A54A26BFE7E5002B8964 /* popoverArrowUp@2x.png in Resources */,
				2211A51226BFE7E5002B8964 /* email.png in Resources */,
				2211A53A26BFE7E5002B8964 /* popoverBg.png in Resources */,
				2211A54526BFE7E5002B8964 /* popoverArrowDown.png in Resources */,
				2211A56126BFE815002B8964 /* buttonright.png in Resources */,
				2211A56026BFE815002B8964 /* dropDownTriangle@2x.png in Resources */,
				2211A54726BFE7E5002B8964 /* bold@2x.png in Resources */,
				2211A52726BFE7E5002B8964 /* link.png in Resources */,
				2211A51326BFE7E5002B8964 /* outdent.png in Resources */,
				2211A52D26BFE7E5002B8964 /* strikethrough.png in Resources */,
				2211A54126BFE7E5002B8964 /* popoverArrowDownSimple.png in Resources */,
				2211A54826BFE7E5002B8964 /* italic@2x.png in Resources */,
				2211A53926BFE7E5002B8964 /* numlist@2x.png in Resources */,
				2211A53C26BFE7E5002B8964 /* bullist@2x.png in Resources */,
				2211A52626BFE7E5002B8964 /* popoverArrowUpSimple.png in Resources */,
				2211A52826BFE7E5002B8964 /* popoverBgSimple.png in Resources */,
				2211A54B26BFE7E5002B8964 /* bullist.png in Resources */,
				2211A51726BFE7E5002B8964 /* backcolor.png in Resources */,
				2211A55D26BFE815002B8964 /* buttonSelected.png in Resources */,
				2211A51126BFE7E5002B8964 /* forecolor.png in Resources */,
			);
			runOnlyForDeploymentPostprocessing = 0;
		};
		2211A48A26BFDF21002B8964 /* Resources */ = {
			isa = PBXResourcesBuildPhase;
			buildActionMask = 2147483647;
			files = (
			);
			runOnlyForDeploymentPostprocessing = 0;
		};
/* End PBXResourcesBuildPhase section */

/* Begin PBXShellScriptBuildPhase section */
		2211A3F826BFC70B002B8964 /* ShellScript */ = {
			isa = PBXShellScriptBuildPhase;
			buildActionMask = 2147483647;
			files = (
			);
			inputFileListPaths = (
			);
			inputPaths = (
			);
			outputFileListPaths = (
			);
			outputPaths = (
			);
			runOnlyForDeploymentPostprocessing = 0;
			shellPath = /bin/sh;
			shellScript = "# Sets the target folders and the final framework product.\nFMK_NAME=QRichTextView\nFMK_VERSION=1.0\n\n# Install dir will be the final output to the framework.\n# The following line create it in the root folder of the current project.\nINSTALL_DIR=${SRCROOT}/Products/${FMK_NAME}.framework\n\n# Working dir will be deleted after the framework creation.\nWRK_DIR=build\nDEVICE_DIR=${WRK_DIR}/Release-iphoneos/${FMK_NAME}.framework\nSIMULATOR_DIR=${WRK_DIR}/Release-iphonesimulator/${FMK_NAME}.framework\n\n# Building both architectures.\nxcodebuild -configuration \"Release\" -target \"${FMK_NAME}\" -sdk iphoneos\nxcodebuild -configuration \"Release\" -target \"${FMK_NAME}\" -sdk iphonesimulator\n\n# Cleaning the oldest.\nif [ -d \"${INSTALL_DIR}\" ]\nthen\nrm -rf \"${INSTALL_DIR}\"\nfi\n\n# Creates and renews the final product folder.\nmkdir -p \"${INSTALL_DIR}\"\nmkdir -p \"${INSTALL_DIR}/Versions\"\nmkdir -p \"${INSTALL_DIR}/Versions/${FMK_VERSION}\"\nmkdir -p \"${INSTALL_DIR}/Versions/${FMK_VERSION}/Resources\"\nmkdir -p \"${INSTALL_DIR}/Versions/${FMK_VERSION}/Headers\"\n\n# Creates the internal links.\n# It MUST uses relative path, otherwise will not work when the folder is copied/moved.\nln -s \"${FMK_VERSION}\" \"${INSTALL_DIR}/Versions/Current\"\nln -s \"Versions/Current/Headers\" \"${INSTALL_DIR}/Headers\"\nln -s \"Versions/Current/Resources\" \"${INSTALL_DIR}/Resources\"\nln -s \"Versions/Current/${FMK_NAME}\" \"${INSTALL_DIR}/${FMK_NAME}\"\n\n# Copies the headers and resources files to the final product folder.\ncp -R \"${DEVICE_DIR}/Headers/\" \"${INSTALL_DIR}/Versions/${FMK_VERSION}/Headers/\"\ncp -R \"${DEVICE_DIR}/\" \"${INSTALL_DIR}/Versions/${FMK_VERSION}/Resources/\"\n\n# Removes the binary and header from the resources folder.\nrm -r \"${INSTALL_DIR}/Versions/${FMK_VERSION}/Resources/Headers\" \"${INSTALL_DIR}/Versions/${FMK_VERSION}/Resources/${FMK_NAME}\"\n\n# Uses the Lipo Tool to merge both binary files (i386 + armv6/armv7) into one Universal final product.\nlipo -create \"${DEVICE_DIR}/${FMK_NAME}\" \"${SIMULATOR_DIR}/${FMK_NAME}\" -output \"${INSTALL_DIR}/Versions/${FMK_VERSION}/${FMK_NAME}\"\n\nrm -r \"${WRK_DIR}\"\n";
		};
/* End PBXShellScriptBuildPhase section */

/* Begin PBXSourcesBuildPhase section */
		2211A32126BFC3D6002B8964 /* Sources */ = {
			isa = PBXSourcesBuildPhase;
			buildActionMask = 2147483647;
			files = (
				2211A4CC26BFE7DE002B8964 /* UIBarButtonItem+WEPopover.m in Sources */,
				2211A4C526BFE7DE002B8964 /* UIFont+RichTextEditor.m in Sources */,
				2211A4C026BFE7DE002B8964 /* WEPopoverContainerView.m in Sources */,
				2211A39226BFC3F5002B8964 /* RichTextEditorFontPickerViewController.m in Sources */,
				2211A4C726BFE7DE002B8964 /* UIView+RichTextEditor.m in Sources */,
				2211A4C326BFE7DE002B8964 /* WETouchableView.m in Sources */,
				2211A39326BFC3F5002B8964 /* RichTextEditorToolbar.m in Sources */,
				2211A39426BFC3F5002B8964 /* RichTextEditorFontSizePickerViewController.m in Sources */,
				2211A39526BFC3F5002B8964 /* RichTextEditorToggleButton.m in Sources */,
				2211A4BF26BFE7DE002B8964 /* WEPopoverController.m in Sources */,
				2211A39726BFC3F5002B8964 /* RichTextEditorColorPickerViewController.m in Sources */,
				2211A39626BFC3F5002B8964 /* RichTextEditor.m in Sources */,
				2211A4CA26BFE7DE002B8964 /* NSAttributedString+RichTextEditor.m in Sources */,
			);
			runOnlyForDeploymentPostprocessing = 0;
		};
		2211A48826BFDF21002B8964 /* Sources */ = {
			isa = PBXSourcesBuildPhase;
			buildActionMask = 2147483647;
			files = (
				2211A48F26BFDF21002B8964 /* QRichTextViewTests.swift in Sources */,
			);
			runOnlyForDeploymentPostprocessing = 0;
		};
/* End PBXSourcesBuildPhase section */

/* Begin PBXTargetDependency section */
		2211A49326BFDF21002B8964 /* PBXTargetDependency */ = {
			isa = PBXTargetDependency;
			target = 2211A32426BFC3D6002B8964 /* QRichTextView */;
			targetProxy = 2211A49226BFDF21002B8964 /* PBXContainerItemProxy */;
		};
/* End PBXTargetDependency section */

/* Begin XCBuildConfiguration section */
		2211A32B26BFC3D6002B8964 /* Debug */ = {
			isa = XCBuildConfiguration;
			buildSettings = {
				ALWAYS_SEARCH_USER_PATHS = NO;
				CLANG_ANALYZER_NONNULL = YES;
				CLANG_ANALYZER_NUMBER_OBJECT_CONVERSION = YES_AGGRESSIVE;
				CLANG_CXX_LANGUAGE_STANDARD = "gnu++14";
				CLANG_CXX_LIBRARY = "libc++";
				CLANG_ENABLE_MODULES = YES;
				CLANG_ENABLE_OBJC_ARC = YES;
				CLANG_ENABLE_OBJC_WEAK = YES;
				CLANG_WARN_BLOCK_CAPTURE_AUTORELEASING = YES;
				CLANG_WARN_BOOL_CONVERSION = YES;
				CLANG_WARN_COMMA = YES;
				CLANG_WARN_CONSTANT_CONVERSION = YES;
				CLANG_WARN_DEPRECATED_OBJC_IMPLEMENTATIONS = YES;
				CLANG_WARN_DIRECT_OBJC_ISA_USAGE = YES_ERROR;
				CLANG_WARN_DOCUMENTATION_COMMENTS = YES;
				CLANG_WARN_EMPTY_BODY = YES;
				CLANG_WARN_ENUM_CONVERSION = YES;
				CLANG_WARN_INFINITE_RECURSION = YES;
				CLANG_WARN_INT_CONVERSION = YES;
				CLANG_WARN_NON_LITERAL_NULL_CONVERSION = YES;
				CLANG_WARN_OBJC_IMPLICIT_RETAIN_SELF = YES;
				CLANG_WARN_OBJC_LITERAL_CONVERSION = YES;
				CLANG_WARN_OBJC_ROOT_CLASS = YES_ERROR;
				CLANG_WARN_QUOTED_INCLUDE_IN_FRAMEWORK_HEADER = YES;
				CLANG_WARN_RANGE_LOOP_ANALYSIS = YES;
				CLANG_WARN_STRICT_PROTOTYPES = YES;
				CLANG_WARN_SUSPICIOUS_MOVE = YES;
				CLANG_WARN_UNGUARDED_AVAILABILITY = YES_AGGRESSIVE;
				CLANG_WARN_UNREACHABLE_CODE = YES;
				CLANG_WARN__DUPLICATE_METHOD_MATCH = YES;
				COPY_PHASE_STRIP = NO;
				CURRENT_PROJECT_VERSION = 1;
				DEBUG_INFORMATION_FORMAT = dwarf;
				ENABLE_STRICT_OBJC_MSGSEND = YES;
				ENABLE_TESTABILITY = YES;
				GCC_C_LANGUAGE_STANDARD = gnu11;
				GCC_DYNAMIC_NO_PIC = NO;
				GCC_NO_COMMON_BLOCKS = YES;
				GCC_OPTIMIZATION_LEVEL = 0;
				GCC_PREPROCESSOR_DEFINITIONS = (
					"DEBUG=1",
					"$(inherited)",
				);
				GCC_WARN_64_TO_32_BIT_CONVERSION = YES;
				GCC_WARN_ABOUT_RETURN_TYPE = YES_ERROR;
				GCC_WARN_UNDECLARED_SELECTOR = YES;
				GCC_WARN_UNINITIALIZED_AUTOS = YES_AGGRESSIVE;
				GCC_WARN_UNUSED_FUNCTION = YES;
				GCC_WARN_UNUSED_VARIABLE = YES;
				IPHONEOS_DEPLOYMENT_TARGET = 9.0;
				MTL_ENABLE_DEBUG_INFO = INCLUDE_SOURCE;
				MTL_FAST_MATH = YES;
				ONLY_ACTIVE_ARCH = YES;
				SDKROOT = iphoneos;
				VERSIONING_SYSTEM = "apple-generic";
				VERSION_INFO_PREFIX = "";
			};
			name = Debug;
		};
		2211A32C26BFC3D6002B8964 /* Release */ = {
			isa = XCBuildConfiguration;
			buildSettings = {
				ALWAYS_SEARCH_USER_PATHS = NO;
				CLANG_ANALYZER_NONNULL = YES;
				CLANG_ANALYZER_NUMBER_OBJECT_CONVERSION = YES_AGGRESSIVE;
				CLANG_CXX_LANGUAGE_STANDARD = "gnu++14";
				CLANG_CXX_LIBRARY = "libc++";
				CLANG_ENABLE_MODULES = YES;
				CLANG_ENABLE_OBJC_ARC = YES;
				CLANG_ENABLE_OBJC_WEAK = YES;
				CLANG_WARN_BLOCK_CAPTURE_AUTORELEASING = YES;
				CLANG_WARN_BOOL_CONVERSION = YES;
				CLANG_WARN_COMMA = YES;
				CLANG_WARN_CONSTANT_CONVERSION = YES;
				CLANG_WARN_DEPRECATED_OBJC_IMPLEMENTATIONS = YES;
				CLANG_WARN_DIRECT_OBJC_ISA_USAGE = YES_ERROR;
				CLANG_WARN_DOCUMENTATION_COMMENTS = YES;
				CLANG_WARN_EMPTY_BODY = YES;
				CLANG_WARN_ENUM_CONVERSION = YES;
				CLANG_WARN_INFINITE_RECURSION = YES;
				CLANG_WARN_INT_CONVERSION = YES;
				CLANG_WARN_NON_LITERAL_NULL_CONVERSION = YES;
				CLANG_WARN_OBJC_IMPLICIT_RETAIN_SELF = YES;
				CLANG_WARN_OBJC_LITERAL_CONVERSION = YES;
				CLANG_WARN_OBJC_ROOT_CLASS = YES_ERROR;
				CLANG_WARN_QUOTED_INCLUDE_IN_FRAMEWORK_HEADER = YES;
				CLANG_WARN_RANGE_LOOP_ANALYSIS = YES;
				CLANG_WARN_STRICT_PROTOTYPES = YES;
				CLANG_WARN_SUSPICIOUS_MOVE = YES;
				CLANG_WARN_UNGUARDED_AVAILABILITY = YES_AGGRESSIVE;
				CLANG_WARN_UNREACHABLE_CODE = YES;
				CLANG_WARN__DUPLICATE_METHOD_MATCH = YES;
				COPY_PHASE_STRIP = NO;
				CURRENT_PROJECT_VERSION = 1;
				DEBUG_INFORMATION_FORMAT = "dwarf-with-dsym";
				ENABLE_NS_ASSERTIONS = NO;
				ENABLE_STRICT_OBJC_MSGSEND = YES;
				GCC_C_LANGUAGE_STANDARD = gnu11;
				GCC_NO_COMMON_BLOCKS = YES;
				GCC_WARN_64_TO_32_BIT_CONVERSION = YES;
				GCC_WARN_ABOUT_RETURN_TYPE = YES_ERROR;
				GCC_WARN_UNDECLARED_SELECTOR = YES;
				GCC_WARN_UNINITIALIZED_AUTOS = YES_AGGRESSIVE;
				GCC_WARN_UNUSED_FUNCTION = YES;
				GCC_WARN_UNUSED_VARIABLE = YES;
				IPHONEOS_DEPLOYMENT_TARGET = 9.0;
				MTL_ENABLE_DEBUG_INFO = NO;
				MTL_FAST_MATH = YES;
				SDKROOT = iphoneos;
				VALIDATE_PRODUCT = YES;
				VERSIONING_SYSTEM = "apple-generic";
				VERSION_INFO_PREFIX = "";
			};
			name = Release;
		};
		2211A32E26BFC3D6002B8964 /* Debug */ = {
			isa = XCBuildConfiguration;
			buildSettings = {
				CODE_SIGN_STYLE = Automatic;
				DEFINES_MODULE = YES;
				DYLIB_COMPATIBILITY_VERSION = 1;
				DYLIB_CURRENT_VERSION = 1;
				DYLIB_INSTALL_NAME_BASE = "@rpath";
				INFOPLIST_FILE = QRichTextView/Info.plist;
				INSTALL_PATH = "$(LOCAL_LIBRARY_DIR)/Frameworks";
				LD_RUNPATH_SEARCH_PATHS = (
					"$(inherited)",
					"@executable_path/Frameworks",
					"@loader_path/Frameworks",
				);
				MARKETING_VERSION = 0.0.4;
				PRODUCT_BUNDLE_IDENTIFIER = codetoanbug.com.QRichTextView;
				PRODUCT_NAME = "$(TARGET_NAME:c99extidentifier)";
				SKIP_INSTALL = YES;
				TARGETED_DEVICE_FAMILY = "1,2";
			};
			name = Debug;
		};
		2211A32F26BFC3D6002B8964 /* Release */ = {
			isa = XCBuildConfiguration;
			buildSettings = {
				CODE_SIGN_STYLE = Automatic;
				DEFINES_MODULE = YES;
				DYLIB_COMPATIBILITY_VERSION = 1;
				DYLIB_CURRENT_VERSION = 1;
				DYLIB_INSTALL_NAME_BASE = "@rpath";
				INFOPLIST_FILE = QRichTextView/Info.plist;
				INSTALL_PATH = "$(LOCAL_LIBRARY_DIR)/Frameworks";
				LD_RUNPATH_SEARCH_PATHS = (
					"$(inherited)",
					"@executable_path/Frameworks",
					"@loader_path/Frameworks",
				);
				MARKETING_VERSION = 0.0.4;
				PRODUCT_BUNDLE_IDENTIFIER = codetoanbug.com.QRichTextView;
				PRODUCT_NAME = "$(TARGET_NAME:c99extidentifier)";
				SKIP_INSTALL = YES;
				TARGETED_DEVICE_FAMILY = "1,2";
			};
			name = Release;
		};
		2211A3F426BFC6FE002B8964 /* Debug */ = {
			isa = XCBuildConfiguration;
			buildSettings = {
				CODE_SIGN_STYLE = Automatic;
				PRODUCT_NAME = "$(TARGET_NAME)";
			};
			name = Debug;
		};
		2211A3F526BFC6FE002B8964 /* Release */ = {
			isa = XCBuildConfiguration;
			buildSettings = {
				CODE_SIGN_STYLE = Automatic;
				PRODUCT_NAME = "$(TARGET_NAME)";
			};
			name = Release;
		};
		2211A49426BFDF21002B8964 /* Debug */ = {
			isa = XCBuildConfiguration;
			buildSettings = {
				CODE_SIGN_STYLE = Automatic;
				INFOPLIST_FILE = QRichTextViewTests/Info.plist;
				IPHONEOS_DEPLOYMENT_TARGET = 14.2;
				LD_RUNPATH_SEARCH_PATHS = (
					"$(inherited)",
					"@executable_path/Frameworks",
					"@loader_path/Frameworks",
				);
				PRODUCT_BUNDLE_IDENTIFIER = codetoanbug.com.QRichTextViewTests;
				PRODUCT_NAME = "$(TARGET_NAME)";
				SWIFT_ACTIVE_COMPILATION_CONDITIONS = DEBUG;
				SWIFT_OPTIMIZATION_LEVEL = "-Onone";
				SWIFT_VERSION = 5.0;
				TARGETED_DEVICE_FAMILY = "1,2";
			};
			name = Debug;
		};
		2211A49526BFDF21002B8964 /* Release */ = {
			isa = XCBuildConfiguration;
			buildSettings = {
				CODE_SIGN_STYLE = Automatic;
				INFOPLIST_FILE = QRichTextViewTests/Info.plist;
				IPHONEOS_DEPLOYMENT_TARGET = 14.2;
				LD_RUNPATH_SEARCH_PATHS = (
					"$(inherited)",
					"@executable_path/Frameworks",
					"@loader_path/Frameworks",
				);
				PRODUCT_BUNDLE_IDENTIFIER = codetoanbug.com.QRichTextViewTests;
				PRODUCT_NAME = "$(TARGET_NAME)";
				SWIFT_COMPILATION_MODE = wholemodule;
				SWIFT_OPTIMIZATION_LEVEL = "-O";
				SWIFT_VERSION = 5.0;
				TARGETED_DEVICE_FAMILY = "1,2";
			};
			name = Release;
		};
/* End XCBuildConfiguration section */

/* Begin XCConfigurationList section */
		2211A31F26BFC3D6002B8964 /* Build configuration list for PBXProject "QRichTextView" */ = {
			isa = XCConfigurationList;
			buildConfigurations = (
				2211A32B26BFC3D6002B8964 /* Debug */,
				2211A32C26BFC3D6002B8964 /* Release */,
			);
			defaultConfigurationIsVisible = 0;
			defaultConfigurationName = Release;
		};
		2211A32D26BFC3D6002B8964 /* Build configuration list for PBXNativeTarget "QRichTextView" */ = {
			isa = XCConfigurationList;
			buildConfigurations = (
				2211A32E26BFC3D6002B8964 /* Debug */,
				2211A32F26BFC3D6002B8964 /* Release */,
			);
			defaultConfigurationIsVisible = 0;
			defaultConfigurationName = Release;
		};
		2211A3F326BFC6FE002B8964 /* Build configuration list for PBXAggregateTarget "QRichTextView-Universal" */ = {
			isa = XCConfigurationList;
			buildConfigurations = (
				2211A3F426BFC6FE002B8964 /* Debug */,
				2211A3F526BFC6FE002B8964 /* Release */,
			);
			defaultConfigurationIsVisible = 0;
			defaultConfigurationName = Release;
		};
		2211A49626BFDF21002B8964 /* Build configuration list for PBXNativeTarget "QRichTextViewTests" */ = {
			isa = XCConfigurationList;
			buildConfigurations = (
				2211A49426BFDF21002B8964 /* Debug */,
				2211A49526BFDF21002B8964 /* Release */,
			);
			defaultConfigurationIsVisible = 0;
			defaultConfigurationName = Release;
		};
/* End XCConfigurationList section */
	};
	rootObject = 2211A31C26BFC3D6002B8964 /* Project object */;
}
